
Microsoft Visual Studio Solution File, Format Version 12.00
# Visual Studio 15
VisualStudioVersion = 15.0.26430.16
MinimumVisualStudioVersion = 10.0.40219.1
Project("{FAE04EC0-301F-11D3-BF4B-00C04F79EFBC}") = "MicroBreweryConsoleApplication", "MicroBrewery\MicroBreweryConsoleApplication.csproj", "{C8AC3608-BC28-4A25-B8AE-193B054D1336}"
EndProject
Project("{FAE04EC0-301F-11D3-BF4B-00C04F79EFBC}") = "MicroBrewery", "ClassLibrary1\MicroBrewery.csproj", "{45A5ED8F-9168-434F-B7B9-E4577ED9C3E7}"
EndProject
Project("{FAE04EC0-301F-11D3-BF4B-00C04F79EFBC}") = "MicroBreweryWebApplication", "MicroBreweryWebApplication\MicroBreweryWebApplication.csproj", "{A2C34567-20FD-4847-AF9A-BA0B5AAD2A34}"
EndProject
Project("{FAE04EC0-301F-11D3-BF4B-00C04F79EFBC}") = "MicroBreweryWebApplication.Tests", "MicroBreweryWebApplication.Tests\MicroBreweryWebApplication.Tests.csproj", "{A98BCD5F-9459-49F3-93BC-2467B34340A9}"
EndProject
Project("{FAE04EC0-301F-11D3-BF4B-00C04F79EFBC}") = "MicroBreweryWebApplication2", "MicroBreweryWebApplication2\MicroBreweryWebApplication2.csproj", "{F27936F0-473F-4006-84D5-23A2A857482A}"
EndProject
Project("{FAE04EC0-301F-11D3-BF4B-00C04F79EFBC}") = "MicroBreweryWebApplication2.Tests", "MicroBreweryWebApplication2.Tests\MicroBreweryWebApplication2.Tests.csproj", "{7526BC73-2A0C-4524-B460-E94BA8FF1097}"
EndProject
Global
	GlobalSection(SolutionConfigurationPlatforms) = preSolution
		Debug|Any CPU = Debug|Any CPU
		Release|Any CPU = Release|Any CPU
	EndGlobalSection
	GlobalSection(ProjectConfigurationPlatforms) = postSolution
		{C8AC3608-BC28-4A25-B8AE-193B054D1336}.Debug|Any CPU.ActiveCfg = Debug|Any CPU
		{C8AC3608-BC28-4A25-B8AE-193B054D1336}.Debug|Any CPU.Build.0 = Debug|Any CPU
		{C8AC3608-BC28-4A25-B8AE-193B054D1336}.Release|Any CPU.ActiveCfg = Release|Any CPU
		{C8AC3608-BC28-4A25-B8AE-193B054D1336}.Release|Any CPU.Build.0 = Release|Any CPU
		{45A5ED8F-9168-434F-B7B9-E4577ED9C3E7}.Debug|Any CPU.ActiveCfg = Debug|Any CPU
		{45A5ED8F-9168-434F-B7B9-E4577ED9C3E7}.Debug|Any CPU.Build.0 = Debug|Any CPU
		{45A5ED8F-9168-434F-B7B9-E4577ED9C3E7}.Release|Any CPU.ActiveCfg = Release|Any CPU
		{45A5ED8F-9168-434F-B7B9-E4577ED9C3E7}.Release|Any CPU.Build.0 = Release|Any CPU
		{A2C34567-20FD-4847-AF9A-BA0B5AAD2A34}.Debug|Any CPU.ActiveCfg = Debug|Any CPU
		{A2C34567-20FD-4847-AF9A-BA0B5AAD2A34}.Debug|Any CPU.Build.0 = Debug|Any CPU
		{A2C34567-20FD-4847-AF9A-BA0B5AAD2A34}.Release|Any CPU.ActiveCfg = Release|Any CPU
		{A2C34567-20FD-4847-AF9A-BA0B5AAD2A34}.Release|Any CPU.Build.0 = Release|Any CPU
		{A98BCD5F-9459-49F3-93BC-2467B34340A9}.Debug|Any CPU.ActiveCfg = Debug|Any CPU
		{A98BCD5F-9459-49F3-93BC-2467B34340A9}.Debug|Any CPU.Build.0 = Debug|Any CPU
		{A98BCD5F-9459-49F3-93BC-2467B34340A9}.Release|Any CPU.ActiveCfg = Release|Any CPU
		{A98BCD5F-9459-49F3-93BC-2467B34340A9}.Release|Any CPU.Build.0 = Release|Any CPU
		{F27936F0-473F-4006-84D5-23A2A857482A}.Debug|Any CPU.ActiveCfg = Debug|Any CPU
		{F27936F0-473F-4006-84D5-23A2A857482A}.Debug|Any CPU.Build.0 = Debug|Any CPU
		{F27936F0-473F-4006-84D5-23A2A857482A}.Release|Any CPU.ActiveCfg = Release|Any CPU
		{F27936F0-473F-4006-84D5-23A2A857482A}.Release|Any CPU.Build.0 = Release|Any CPU
		{7526BC73-2A0C-4524-B460-E94BA8FF1097}.Debug|Any CPU.ActiveCfg = Debug|Any CPU
		{7526BC73-2A0C-4524-B460-E94BA8FF1097}.Debug|Any CPU.Build.0 = Debug|Any CPU
		{7526BC73-2A0C-4524-B460-E94BA8FF1097}.Release|Any CPU.ActiveCfg = Release|Any CPU
		{7526BC73-2A0C-4524-B460-E94BA8FF1097}.Release|Any CPU.Build.0 = Release|Any CPU
	EndGlobalSection
	GlobalSection(SolutionProperties) = preSolution
		HideSolutionNode = FALSE
	EndGlobalSection
EndGlobal
